{
    "version": 3,
    "terraform_version": "0.11.8",
    "serial": 33,
    "lineage": "512fb0cb-f7b0-c289-b5b2-01789141895c",
    "modules": [
        {
            "path": [
                "root"
            ],
            "outputs": {},
            "resources": {
                "aws_autoscaling_group.instance_asg": {
                    "type": "aws_autoscaling_group",
                    "depends_on": [
                        "aws_elb.http-lb",
                        "aws_launch_configuration.instance_config",
                        "data.aws_availability_zones.all"
                    ],
                    "primary": {
                        "id": "tf-asg-20190715143845669100000001",
                        "attributes": {
                            "arn": "arn:aws:autoscaling:eu-west-1:473683381093:autoScalingGroup:7b66ad1a-f9cd-448c-bc40-c360b5eb2575:autoScalingGroupName/tf-asg-20190715143845669100000001",
                            "availability_zones.#": "3",
                            "availability_zones.1924028850": "eu-west-1b",
                            "availability_zones.3953592328": "eu-west-1a",
                            "availability_zones.94988580": "eu-west-1c",
                            "default_cooldown": "300",
                            "desired_capacity": "2",
                            "enabled_metrics.#": "0",
                            "force_delete": "false",
                            "health_check_grace_period": "300",
                            "health_check_type": "EC2",
                            "id": "tf-asg-20190715143845669100000001",
                            "launch_configuration": "cluster-20190715143711050300000001",
                            "launch_template.#": "0",
                            "load_balancers.#": "1",
                            "load_balancers.3768627209": "terraform-elb",
                            "max_size": "5",
                            "metrics_granularity": "1Minute",
                            "min_size": "2",
                            "mixed_instances_policy.#": "0",
                            "name": "tf-asg-20190715143845669100000001",
                            "placement_group": "",
                            "protect_from_scale_in": "false",
                            "service_linked_role_arn": "arn:aws:iam::473683381093:role/aws-service-role/autoscaling.amazonaws.com/AWSServiceRoleForAutoScaling",
                            "suspended_processes.#": "0",
                            "tag.#": "1",
                            "tag.965313097.key": "name",
                            "tag.965313097.propagate_at_launch": "true",
                            "tag.965313097.value": "Instance_terraform_asg",
                            "target_group_arns.#": "0",
                            "termination_policies.#": "0",
                            "vpc_zone_identifier.#": "0",
                            "wait_for_capacity_timeout": "10m"
                        },
                        "meta": {
                            "e2bfb730-ecaa-11e6-8f88-34363bc7c4c0": {
                                "delete": 600000000000
                            }
                        },
                        "tainted": false
                    },
                    "deposed": [],
                    "provider": "provider.aws"
                },
                "aws_elb.http-lb": {
                    "type": "aws_elb",
                    "depends_on": [
                        "data.aws_availability_zones.all"
                    ],
                    "primary": {
                        "id": "terraform-elb",
                        "attributes": {
                            "access_logs.#": "0",
                            "arn": "arn:aws:elasticloadbalancing:eu-west-1:473683381093:loadbalancer/terraform-elb",
                            "availability_zones.#": "3",
                            "availability_zones.1924028850": "eu-west-1b",
                            "availability_zones.3953592328": "eu-west-1a",
                            "availability_zones.94988580": "eu-west-1c",
                            "connection_draining": "true",
                            "connection_draining_timeout": "400",
                            "cross_zone_load_balancing": "true",
                            "dns_name": "terraform-elb-471516454.eu-west-1.elb.amazonaws.com",
                            "health_check.#": "1",
                            "health_check.0.healthy_threshold": "10",
                            "health_check.0.interval": "30",
                            "health_check.0.target": "TCP:8080",
                            "health_check.0.timeout": "5",
                            "health_check.0.unhealthy_threshold": "2",
                            "id": "terraform-elb",
                            "idle_timeout": "400",
                            "instances.#": "1",
                            "instances.3744210066": "i-04367cb9c1af1def3",
                            "internal": "false",
                            "listener.#": "1",
                            "listener.3931999347.instance_port": "8080",
                            "listener.3931999347.instance_protocol": "http",
                            "listener.3931999347.lb_port": "80",
                            "listener.3931999347.lb_protocol": "http",
                            "listener.3931999347.ssl_certificate_id": "",
                            "name": "terraform-elb",
                            "security_groups.#": "1",
                            "security_groups.2684652427": "sg-053d80e9e29dd538b",
                            "source_security_group": "473683381093/default_elb_9a0e9007-59be-34bf-b39f-b6c1c663f459",
                            "source_security_group_id": "sg-053d80e9e29dd538b",
                            "subnets.#": "3",
                            "subnets.1417829111": "subnet-36a9de7e",
                            "subnets.3313113296": "subnet-bed6b2d8",
                            "subnets.3724949867": "subnet-9f8b2ac5",
                            "tags.%": "2",
                            "tags.environment": "playground",
                            "tags.name": "terraform-elb",
                            "zone_id": "Z32O12XQLNTSW2"
                        },
                        "meta": {},
                        "tainted": false
                    },
                    "deposed": [],
                    "provider": "provider.aws"
                },
                "aws_launch_configuration.instance_config": {
                    "type": "aws_launch_configuration",
                    "depends_on": [
                        "aws_security_group.instance"
                    ],
                    "primary": {
                        "id": "cluster-20190715143711050300000001",
                        "attributes": {
                            "associate_public_ip_address": "false",
                            "ebs_block_device.#": "0",
                            "ebs_optimized": "false",
                            "enable_monitoring": "true",
                            "ephemeral_block_device.#": "0",
                            "iam_instance_profile": "",
                            "id": "cluster-20190715143711050300000001",
                            "image_id": "ami-ee0b0688",
                            "instance_type": "t1.micro",
                            "key_name": "",
                            "name": "cluster-20190715143711050300000001",
                            "name_prefix": "cluster-",
                            "root_block_device.#": "0",
                            "security_groups.#": "1",
                            "security_groups.2649617676": "terraform-example-sg",
                            "spot_price": "",
                            "user_data": "788b7ebca88e7e4d107828121826b9e67e296457",
                            "vpc_classic_link_id": "",
                            "vpc_classic_link_security_groups.#": "0"
                        },
                        "meta": {},
                        "tainted": false
                    },
                    "deposed": [],
                    "provider": "provider.aws"
                },
                "aws_security_group.instance": {
                    "type": "aws_security_group",
                    "depends_on": [],
                    "primary": {
                        "id": "sg-0d29ad7e941516cf8",
                        "attributes": {
                            "arn": "arn:aws:ec2:eu-west-1:473683381093:security-group/sg-0d29ad7e941516cf8",
                            "description": "Managed by Terraform",
                            "egress.#": "0",
                            "id": "sg-0d29ad7e941516cf8",
                            "ingress.#": "1",
                            "ingress.516175195.cidr_blocks.#": "1",
                            "ingress.516175195.cidr_blocks.0": "0.0.0.0/0",
                            "ingress.516175195.description": "",
                            "ingress.516175195.from_port": "8080",
                            "ingress.516175195.ipv6_cidr_blocks.#": "0",
                            "ingress.516175195.prefix_list_ids.#": "0",
                            "ingress.516175195.protocol": "tcp",
                            "ingress.516175195.security_groups.#": "0",
                            "ingress.516175195.self": "false",
                            "ingress.516175195.to_port": "8080",
                            "name": "terraform-example-sg",
                            "owner_id": "473683381093",
                            "revoke_rules_on_delete": "false",
                            "tags.%": "1",
                            "tags.environment": "playground",
                            "vpc_id": "vpc-05301a63"
                        },
                        "meta": {
                            "e2bfb730-ecaa-11e6-8f88-34363bc7c4c0": {
                                "create": 600000000000,
                                "delete": 600000000000
                            },
                            "schema_version": "1"
                        },
                        "tainted": false
                    },
                    "deposed": [],
                    "provider": "provider.aws"
                },
                "data.aws_availability_zones.all": {
                    "type": "aws_availability_zones",
                    "depends_on": [],
                    "primary": {
                        "id": "2019-07-15 15:41:15.177987 +0000 UTC",
                        "attributes": {
                            "id": "2019-07-15 15:41:15.177987 +0000 UTC",
                            "names.#": "3",
                            "names.0": "eu-west-1a",
                            "names.1": "eu-west-1b",
                            "names.2": "eu-west-1c",
                            "zone_ids.#": "3",
                            "zone_ids.0": "euw1-az1",
                            "zone_ids.1": "euw1-az2",
                            "zone_ids.2": "euw1-az3"
                        },
                        "meta": {},
                        "tainted": false
                    },
                    "deposed": [],
                    "provider": "provider.aws"
                }
            },
            "depends_on": []
        }
    ]
}
